PODS:
  - Firebase/CoreOnly (7.3.0):
    - FirebaseCore (= 7.3.0)
  - Firebase/DynamicLinks (7.3.0):
    - Firebase/CoreOnly
    - FirebaseDynamicLinks (~> 7.3.0)
  - firebase_core (0.7.0):
    - Firebase/CoreOnly (= 7.3.0)
    - Flutter
  - firebase_dynamic_links (0.7.0-1):
    - Firebase/DynamicLinks (= 7.3.0)
    - firebase_core
    - Flutter
  - FirebaseCore (7.3.0):
    - FirebaseCoreDiagnostics (~> 7.0)
    - GoogleUtilities/Environment (~> 7.0)
    - GoogleUtilities/Logger (~> 7.0)
  - FirebaseCoreDiagnostics (7.11.0):
    - GoogleDataTransport (~> 8.4)
    - GoogleUtilities/Environment (~> 7.0)
    - GoogleUtilities/Logger (~> 7.0)
    - nanopb (~> 2.30908.0)
  - FirebaseDynamicLinks (7.3.1):
    - FirebaseCore (~> 7.0)
  - Flutter (1.0.0)
  - GoogleDataTransport (8.4.0):
    - GoogleUtilities/Environment (~> 7.2)
    - nanopb (~> 2.30908.0)
    - PromisesObjC (~> 1.2)
  - GoogleUtilities/Environment (7.5.0):
    - PromisesObjC (< 3.0, >= 1.2)
  - GoogleUtilities/Logger (7.5.0):
    - GoogleUtilities/Environment
  - nanopb (2.30908.0):
    - nanopb/decode (= 2.30908.0)
    - nanopb/encode (= 2.30908.0)
  - nanopb/decode (2.30908.0)
  - nanopb/encode (2.30908.0)
  - path_provider (0.0.1):
    - Flutter
  - PromisesObjC (1.2.12)

DEPENDENCIES:
  - firebase_core (from `.symlinks/plugins/firebase_core/ios`)
  - firebase_dynamic_links (from `.symlinks/plugins/firebase_dynamic_links/ios`)
  - Flutter (from `Flutter`)
  - path_provider (from `.symlinks/plugins/path_provider/ios`)

SPEC REPOS:
  trunk:
    - Firebase
    - FirebaseCore
    - FirebaseCoreDiagnostics
    - FirebaseDynamicLinks
    - GoogleDataTransport
    - GoogleUtilities
    - nanopb
    - PromisesObjC

EXTERNAL SOURCES:
  firebase_core:
    :path: ".symlinks/plugins/firebase_core/ios"
  firebase_dynamic_links:
    :path: ".symlinks/plugins/firebase_dynamic_links/ios"
  Flutter:
    :path: Flutter
  path_provider:
    :path: ".symlinks/plugins/path_provider/ios"

SPEC CHECKSUMS:
  Firebase: 26223c695fe322633274198cb19dca8cb7e54416
  firebase_core: 91b27774a52f41f8b58484a75edf71197ac01c59
  firebase_dynamic_links: 14bf04008446c471b5c9f6e6542e14210bf26bd5
  FirebaseCore: 4d3c72622ce0e2106aaa07bb4b2935ba2c370972
  FirebaseCoreDiagnostics: 68ad972f99206cef818230f3f3179d52ccfb7f8c
  FirebaseDynamicLinks: a6df95d6dbc746c2bbf7d511343cda1344e2cf70
  Flutter: 0e3d915762c693b495b44d77113d4970485de6ec
  GoogleDataTransport: cd9db2180fcecd8da1b561aea31e3e56cf834aa7
  GoogleUtilities: eea970f4a389963963bffe8d8fabe43540678b9c
  nanopb: a0ba3315591a9ae0a16a309ee504766e90db0c96
  path_provider: abfe2b5c733d04e238b0d8691db0cfd63a27a93c
  PromisesObjC: 3113f7f76903778cf4a0586bd1ab89329a0b7b97

PODFILE CHECKSUM: cc1f88378b4bfcf93a6ce00d2c587857c6008d3b

COCOAPODS: 1.10.1
